
Microsoft Visual Studio Solution File, Format Version 12.00
# Visual Studio 15
VisualStudioVersion = 15.0.27428.2037
MinimumVisualStudioVersion = 10.0.40219.1
Project("{2150E333-8FDC-42A3-9474-1A3956D46DE8}") = "Solution Items", "Solution Items", "{F22AE96B-A235-45BA-8F4E-9ABF912DD536}"
EndProject
Project("{FAE04EC0-301F-11D3-BF4B-00C04F79EFBC}") = "Controlador", "Controlador\Controlador.csproj", "{59972881-FB5F-4B43-86B5-57A2433E2608}"
EndProject
Project("{FAE04EC0-301F-11D3-BF4B-00C04F79EFBC}") = "AccesoDatos", "AccesoDatos\AccesoDatos.csproj", "{0488B647-07E9-4DF3-8E47-EEFAF1F18693}"
EndProject
Project("{FAE04EC0-301F-11D3-BF4B-00C04F79EFBC}") = "Modelo", "Modelo\Modelo.csproj", "{DAFD44B9-5DCD-4CB4-876C-546E6589A751}"
EndProject
Project("{FAE04EC0-301F-11D3-BF4B-00C04F79EFBC}") = "Vista", "Vista\Vista.csproj", "{ED3E1644-5B3D-4A83-9189-F3B4989FA7A1}"
EndProject
Global
	GlobalSection(SolutionConfigurationPlatforms) = preSolution
		Debug|Any CPU = Debug|Any CPU
		Release|Any CPU = Release|Any CPU
	EndGlobalSection
	GlobalSection(ProjectConfigurationPlatforms) = postSolution
		{59972881-FB5F-4B43-86B5-57A2433E2608}.Debug|Any CPU.ActiveCfg = Debug|Any CPU
		{59972881-FB5F-4B43-86B5-57A2433E2608}.Debug|Any CPU.Build.0 = Debug|Any CPU
		{59972881-FB5F-4B43-86B5-57A2433E2608}.Release|Any CPU.ActiveCfg = Release|Any CPU
		{59972881-FB5F-4B43-86B5-57A2433E2608}.Release|Any CPU.Build.0 = Release|Any CPU
		{0488B647-07E9-4DF3-8E47-EEFAF1F18693}.Debug|Any CPU.ActiveCfg = Debug|Any CPU
		{0488B647-07E9-4DF3-8E47-EEFAF1F18693}.Debug|Any CPU.Build.0 = Debug|Any CPU
		{0488B647-07E9-4DF3-8E47-EEFAF1F18693}.Release|Any CPU.ActiveCfg = Release|Any CPU
		{0488B647-07E9-4DF3-8E47-EEFAF1F18693}.Release|Any CPU.Build.0 = Release|Any CPU
		{DAFD44B9-5DCD-4CB4-876C-546E6589A751}.Debug|Any CPU.ActiveCfg = Debug|Any CPU
		{DAFD44B9-5DCD-4CB4-876C-546E6589A751}.Debug|Any CPU.Build.0 = Debug|Any CPU
		{DAFD44B9-5DCD-4CB4-876C-546E6589A751}.Release|Any CPU.ActiveCfg = Release|Any CPU
		{DAFD44B9-5DCD-4CB4-876C-546E6589A751}.Release|Any CPU.Build.0 = Release|Any CPU
		{ED3E1644-5B3D-4A83-9189-F3B4989FA7A1}.Debug|Any CPU.ActiveCfg = Debug|Any CPU
		{ED3E1644-5B3D-4A83-9189-F3B4989FA7A1}.Debug|Any CPU.Build.0 = Debug|Any CPU
		{ED3E1644-5B3D-4A83-9189-F3B4989FA7A1}.Release|Any CPU.ActiveCfg = Release|Any CPU
		{ED3E1644-5B3D-4A83-9189-F3B4989FA7A1}.Release|Any CPU.Build.0 = Release|Any CPU
	EndGlobalSection
	GlobalSection(SolutionProperties) = preSolution
		HideSolutionNode = FALSE
	EndGlobalSection
	GlobalSection(ExtensibilityGlobals) = postSolution
		SolutionGuid = {87304B1B-E84E-482C-9375-4E75ADD7E68C}
	EndGlobalSection
EndGlobal
